
Microsoft Visual Studio Solution File, Format Version 12.00
# Visual Studio Version 16
VisualStudioVersion = 16.0.33801.447
MinimumVisualStudioVersion = 10.0.40219.1
Project("{FAE04EC0-301F-11D3-BF4B-00C04F79EFBC}") = "kalkulator", "kalkulator\kalkulator.csproj", "{A797ED27-1D9C-4DFC-B7BF-F4094FCB2D28}"
EndProject
Global
	GlobalSection(SolutionConfigurationPlatforms) = preSolution
		Debug|Any CPU = Debug|Any CPU
		Release|Any CPU = Release|Any CPU
	EndGlobalSection
	GlobalSection(ProjectConfigurationPlatforms) = postSolution
		{A797ED27-1D9C-4DFC-B7BF-F4094FCB2D28}.Debug|Any CPU.ActiveCfg = Debug|Any CPU
		{A797ED27-1D9C-4DFC-B7BF-F4094FCB2D28}.Debug|Any CPU.Build.0 = Debug|Any CPU
		{A797ED27-1D9C-4DFC-B7BF-F4094FCB2D28}.Release|Any CPU.ActiveCfg = Release|Any CPU
		{A797ED27-1D9C-4DFC-B7BF-F4094FCB2D28}.Release|Any CPU.Build.0 = Release|Any CPU
	EndGlobalSection
	GlobalSection(SolutionProperties) = preSolution
		HideSolutionNode = FALSE
	EndGlobalSection
	GlobalSection(ExtensibilityGlobals) = postSolution
		SolutionGuid = {A749386C-6091-443C-8CAC-94E70F507440}
	EndGlobalSection
EndGlobal
